
Microsoft Visual Studio Solution File, Format Version 12.00
# Visual Studio Version 16
VisualStudioVersion = 16.0.31702.278
MinimumVisualStudioVersion = 10.0.40219.1
Project("{FAE04EC0-301F-11D3-BF4B-00C04F79EFBC}") = "API_CRUD", "API_CRUD.csproj", "{ED9281EC-42FF-4E64-8F26-77425247C94C}"
EndProject
Global
	GlobalSection(SolutionConfigurationPlatforms) = preSolution
		Debug|Any CPU = Debug|Any CPU
		Release|Any CPU = Release|Any CPU
	EndGlobalSection
	GlobalSection(ProjectConfigurationPlatforms) = postSolution
		{ED9281EC-42FF-4E64-8F26-77425247C94C}.Debug|Any CPU.ActiveCfg = Debug|Any CPU
		{ED9281EC-42FF-4E64-8F26-77425247C94C}.Debug|Any CPU.Build.0 = Debug|Any CPU
		{ED9281EC-42FF-4E64-8F26-77425247C94C}.Release|Any CPU.ActiveCfg = Release|Any CPU
		{ED9281EC-42FF-4E64-8F26-77425247C94C}.Release|Any CPU.Build.0 = Release|Any CPU
	EndGlobalSection
	GlobalSection(SolutionProperties) = preSolution
		HideSolutionNode = FALSE
	EndGlobalSection
	GlobalSection(ExtensibilityGlobals) = postSolution
		SolutionGuid = {D0A5ECEB-2580-43E0-9586-FEAB76E59D87}
	EndGlobalSection
EndGlobal
